
Microsoft Visual Studio Solution File, Format Version 12.00
# Visual Studio Version 17
VisualStudioVersion = 17.4.33103.184
MinimumVisualStudioVersion = 10.0.40219.1
Project("{FAE04EC0-301F-11D3-BF4B-00C04F79EFBC}") = "ЛБ3", "ЛБ3\ЛБ3.csproj", "{09A375E5-5C8D-4984-BE68-6E84F2ECFFC8}"
EndProject
Global
	GlobalSection(SolutionConfigurationPlatforms) = preSolution
		Debug|Any CPU = Debug|Any CPU
		Release|Any CPU = Release|Any CPU
	EndGlobalSection
	GlobalSection(ProjectConfigurationPlatforms) = postSolution
		{09A375E5-5C8D-4984-BE68-6E84F2ECFFC8}.Debug|Any CPU.ActiveCfg = Debug|Any CPU
		{09A375E5-5C8D-4984-BE68-6E84F2ECFFC8}.Debug|Any CPU.Build.0 = Debug|Any CPU
		{09A375E5-5C8D-4984-BE68-6E84F2ECFFC8}.Release|Any CPU.ActiveCfg = Release|Any CPU
		{09A375E5-5C8D-4984-BE68-6E84F2ECFFC8}.Release|Any CPU.Build.0 = Release|Any CPU
	EndGlobalSection
	GlobalSection(SolutionProperties) = preSolution
		HideSolutionNode = FALSE
	EndGlobalSection
	GlobalSection(ExtensibilityGlobals) = postSolution
		SolutionGuid = {DB2C9754-44BE-419B-A73F-7B9EB76E9AE5}
	EndGlobalSection
EndGlobal
